<?xml version="1.0" encoding="utf-8"?>
<Project ToolsVersion="4.0" xmlns="http://schemas.microsoft.com/developer/msbuild/2003">
  <ItemGroup>
    <Filter Include="源文件">
      <UniqueIdentifier>{4FC737F1-C7A5-4376-A066-2A32D752A2FF}</UniqueIdentifier>
      <Extensions>cpp;c;cc;cxx;def;odl;idl;hpj;bat;asm;asmx</Extensions>
    </Filter>
    <Filter Include="头文件">
      <UniqueIdentifier>{93995380-89BD-4b04-88EB-625FBE52EBFB}</UniqueIdentifier>
      <Extensions>h;hh;hpp;hxx;hm;inl;inc;xsd</Extensions>
    </Filter>
    <Filter Include="资源文件">
      <UniqueIdentifier>{67DA6AB6-F800-4c08-8B7A-83BB121AAD01}</UniqueIdentifier>
      <Extensions>rc;ico;cur;bmp;dlg;rc2;rct;bin;rgs;gif;jpg;jpeg;jpe;resx;tiff;tif;png;wav;mfcribbon-ms</Extensions>
    </Filter>
    <Filter Include="源文件\Factory">
      <UniqueIdentifier>{7e844a37-e3b5-4d7a-a5f0-2be702436e56}</UniqueIdentifier>
    </Filter>
    <Filter Include="源文件\AbstactFactory">
      <UniqueIdentifier>{63c13a88-4dc3-4291-bbd7-afd7336fd38c}</UniqueIdentifier>
    </Filter>
    <Filter Include="源文件\Singleton">
      <UniqueIdentifier>{7c950e92-1f3d-47c0-a452-23e650439e51}</UniqueIdentifier>
    </Filter>
    <Filter Include="源文件\Builder">
      <UniqueIdentifier>{091af035-2159-4f55-bc31-d75ddb708deb}</UniqueIdentifier>
    </Filter>
    <Filter Include="源文件\Prototype">
      <UniqueIdentifier>{ef6ddbe9-9694-4868-a1f9-4aa8c73d2a19}</UniqueIdentifier>
    </Filter>
    <Filter Include="源文件\Bridge">
      <UniqueIdentifier>{3ea02238-6df5-4190-8d72-acbc525108c6}</UniqueIdentifier>
    </Filter>
    <Filter Include="源文件\Adapter">
      <UniqueIdentifier>{c3c6f28b-3ac2-46ab-b6f8-31afbc0efe02}</UniqueIdentifier>
    </Filter>
    <Filter Include="源文件\Decorator">
      <UniqueIdentifier>{c88a95b1-5b39-40df-ab32-6b093a685d4c}</UniqueIdentifier>
    </Filter>
    <Filter Include="源文件\Composite">
      <UniqueIdentifier>{152b8cde-4c8d-4197-b76e-d137977ec5c6}</UniqueIdentifier>
    </Filter>
    <Filter Include="源文件\Flyweight">
      <UniqueIdentifier>{bb3506a5-e912-4ade-9c90-c9fd1948430a}</UniqueIdentifier>
    </Filter>
    <Filter Include="源文件\Facade">
      <UniqueIdentifier>{11bf0bd1-55dd-482a-bd9e-81934be3a632}</UniqueIdentifier>
    </Filter>
    <Filter Include="源文件\Proxy">
      <UniqueIdentifier>{52269826-c810-4ed9-900e-9cdb388f2272}</UniqueIdentifier>
    </Filter>
    <Filter Include="源文件\Template">
      <UniqueIdentifier>{b39c1dc3-c724-496c-a5b2-820450cafb2d}</UniqueIdentifier>
    </Filter>
    <Filter Include="源文件\Strategy">
      <UniqueIdentifier>{13f66f53-f83d-4d47-b7bb-05f0535408e7}</UniqueIdentifier>
    </Filter>
  </ItemGroup>
  <ItemGroup>
    <ClCompile Include="main.cpp">
      <Filter>源文件</Filter>
    </ClCompile>
    <ClCompile Include="Factory.cpp">
      <Filter>源文件\Factory</Filter>
    </ClCompile>
    <ClCompile Include="Product.cpp">
      <Filter>源文件\Factory</Filter>
    </ClCompile>
    <ClCompile Include="AbstractProduct.cpp">
      <Filter>源文件\AbstactFactory</Filter>
    </ClCompile>
    <ClCompile Include="AbstractFactory.cpp">
      <Filter>源文件\AbstactFactory</Filter>
    </ClCompile>
    <ClCompile Include="SingleTon.cpp">
      <Filter>源文件\Singleton</Filter>
    </ClCompile>
    <ClCompile Include="BuilderProduct.cpp">
      <Filter>源文件\Builder</Filter>
    </ClCompile>
    <ClCompile Include="Prototype.cpp">
      <Filter>源文件\Prototype</Filter>
    </ClCompile>
    <ClCompile Include="AbstarctionImp.cpp">
      <Filter>源文件\Bridge</Filter>
    </ClCompile>
    <ClCompile Include="Abstarction.cpp">
      <Filter>源文件\Bridge</Filter>
    </ClCompile>
    <ClCompile Include="Adapter.cpp">
      <Filter>源文件\Adapter</Filter>
    </ClCompile>
    <ClCompile Include="Decorator.cpp">
      <Filter>源文件\Decorator</Filter>
    </ClCompile>
    <ClCompile Include="Com.cpp">
      <Filter>源文件\Composite</Filter>
    </ClCompile>
    <ClCompile Include="Composite.cpp">
      <Filter>源文件\Composite</Filter>
    </ClCompile>
    <ClCompile Include="Leaf.cpp">
      <Filter>源文件\Composite</Filter>
    </ClCompile>
    <ClCompile Include="Flyweight.cpp">
      <Filter>源文件\Flyweight</Filter>
    </ClCompile>
    <ClCompile Include="FlyweightFactory.cpp">
      <Filter>源文件\Flyweight</Filter>
    </ClCompile>
    <ClCompile Include="Facade.cpp">
      <Filter>源文件\Facade</Filter>
    </ClCompile>
    <ClCompile Include="Proxy.cpp">
      <Filter>源文件\Proxy</Filter>
    </ClCompile>
    <ClCompile Include="Template.cpp">
      <Filter>源文件\Template</Filter>
    </ClCompile>
    <ClCompile Include="Strategy.cpp">
      <Filter>源文件\Strategy</Filter>
    </ClCompile>
    <ClCompile Include="Context.cpp">
      <Filter>源文件\Strategy</Filter>
    </ClCompile>
  </ItemGroup>
  <ItemGroup>
    <ClInclude Include="Factory.h">
      <Filter>源文件\Factory</Filter>
    </ClInclude>
    <ClInclude Include="Product.h">
      <Filter>源文件\Factory</Filter>
    </ClInclude>
    <ClInclude Include="AbstractProduct.h">
      <Filter>源文件\AbstactFactory</Filter>
    </ClInclude>
    <ClInclude Include="AbstractFactory.h">
      <Filter>源文件\AbstactFactory</Filter>
    </ClInclude>
    <ClInclude Include="SingleTon.h">
      <Filter>源文件\Singleton</Filter>
    </ClInclude>
    <ClInclude Include="BuilderProduct.h">
      <Filter>源文件\Builder</Filter>
    </ClInclude>
    <ClInclude Include="Prototype.h">
      <Filter>源文件\Prototype</Filter>
    </ClInclude>
    <ClInclude Include="AbstarctionImp.h">
      <Filter>源文件\Bridge</Filter>
    </ClInclude>
    <ClInclude Include="Abstarction.h">
      <Filter>源文件\Bridge</Filter>
    </ClInclude>
    <ClInclude Include="Adapter.h">
      <Filter>源文件\Adapter</Filter>
    </ClInclude>
    <ClInclude Include="Decorator.h">
      <Filter>源文件\Decorator</Filter>
    </ClInclude>
    <ClInclude Include="Com.h">
      <Filter>源文件\Composite</Filter>
    </ClInclude>
    <ClInclude Include="Composite.h">
      <Filter>源文件\Composite</Filter>
    </ClInclude>
    <ClInclude Include="Leaf.h">
      <Filter>源文件\Composite</Filter>
    </ClInclude>
    <ClInclude Include="Flyweight.h">
      <Filter>源文件\Flyweight</Filter>
    </ClInclude>
    <ClInclude Include="FlyweightFactory.h">
      <Filter>源文件\Flyweight</Filter>
    </ClInclude>
    <ClInclude Include="Facade.h">
      <Filter>源文件\Facade</Filter>
    </ClInclude>
    <ClInclude Include="Proxy.h">
      <Filter>源文件\Proxy</Filter>
    </ClInclude>
    <ClInclude Include="Template.h">
      <Filter>源文件\Template</Filter>
    </ClInclude>
    <ClInclude Include="Strategy.h">
      <Filter>源文件\Strategy</Filter>
    </ClInclude>
    <ClInclude Include="Context.h">
      <Filter>源文件\Strategy</Filter>
    </ClInclude>
  </ItemGroup>
</Project>